
Microsoft Visual Studio Solution File, Format Version 12.00
# Visual Studio Version 16
VisualStudioVersion = 16.0.30503.244
MinimumVisualStudioVersion = 10.0.40219.1
Project("{FAE04EC0-301F-11D3-BF4B-00C04F79EFBC}") = "Joined_Third_Lab", "Joined_Third_Lab\Joined_Third_Lab.csproj", "{024161C5-348E-4428-801B-AD69878A2D6B}"
EndProject
Global
	GlobalSection(SolutionConfigurationPlatforms) = preSolution
		Debug|Any CPU = Debug|Any CPU
		Release|Any CPU = Release|Any CPU
	EndGlobalSection
	GlobalSection(ProjectConfigurationPlatforms) = postSolution
		{024161C5-348E-4428-801B-AD69878A2D6B}.Debug|Any CPU.ActiveCfg = Debug|Any CPU
		{024161C5-348E-4428-801B-AD69878A2D6B}.Debug|Any CPU.Build.0 = Debug|Any CPU
		{024161C5-348E-4428-801B-AD69878A2D6B}.Release|Any CPU.ActiveCfg = Release|Any CPU
		{024161C5-348E-4428-801B-AD69878A2D6B}.Release|Any CPU.Build.0 = Release|Any CPU
	EndGlobalSection
	GlobalSection(SolutionProperties) = preSolution
		HideSolutionNode = FALSE
	EndGlobalSection
	GlobalSection(ExtensibilityGlobals) = postSolution
		SolutionGuid = {E09EE2B8-33E4-4F4B-9E6D-F6D719BAD6FB}
	EndGlobalSection
EndGlobal
